version = 1
revision = 3
requires-python = "==3.10.*"

[[package]]
name = "cytomine"
version = "2026.1.0"
source = { virtual = "." }

[package.dev-dependencies]
dev = [
    { name = "pyrefly" },
    { name = "ruff" },
]

[package.metadata]

[package.metadata.requires-dev]
dev = [
    { name = "pyrefly", specifier = "==1.1.1" },
    { name = "ruff", specifier = "==0.16.1" },
]

[[package]]
name = "pyrefly"
version = "1.1.1"
source = { registry = "https://pypi.org/simple" }
sdist = { url = "https://files.pythonhosted.org/packages/8e/20/976165fa4b1517a1a92f393b3f4d4badabfff1165eff09d4cd4908428183/pyrefly-1.1.1.tar.gz", hash = "sha256:6deda959f8603a7dbdf112c48983e2275b2903cf33c8c739ed65d7e71a4fd520", size = 5880491, upload-time = "2026-06-18T23:45:43.785Z" }
wheels = [
    { url = "https://files.pythonhosted.org/packages/b5/d6/02ba666018c6a1cb4ddfa2db98ada721adddd374db5c29ba47a0bf2637fa/pyrefly-1.1.1-py3-none-macosx_10_12_x86_64.whl", hash = "sha256:f4b8595f91885bc8b5e3c282ab68d1df21201668a84e6508b1e15f2feec0bb8d", size = 13631867, upload-time = "2026-06-18T23:45:13.923Z" },
    { url = "https://files.pythonhosted.org/packages/71/47/7a3457dbbddb513a83cf4fe527d5d5ebda5201a1010ad2a6034030e3e358/pyrefly-1.1.1-py3-none-macosx_11_0_arm64.whl", hash = "sha256:d6b238e1362622d47a6eb5af704fd8b613c94e8c303386efd6350e3da59fecc8", size = 13075304, upload-time = "2026-06-18T23:45:16.865Z" },
    { url = "https://files.pythonhosted.org/packages/84/df/70f4b3f42d58ed686a80df31e04eca54d88036cea4f9b96195c64ad0b2b5/pyrefly-1.1.1-py3-none-manylinux_2_17_aarch64.manylinux2014_aarch64.whl", hash = "sha256:b50d4510e4f8aaea79e2c4b343a4d7a060c9451c0b2aa9bfe10d7ca1ef33d68d", size = 13446966, upload-time = "2026-06-18T23:45:19.644Z" },
    { url = "https://files.pythonhosted.org/packages/3c/53/12a19bd6c7af985bcbc13c6910d0f9f6684069ead2282a5c08c2bfbb5d03/pyrefly-1.1.1-py3-none-manylinux_2_17_i686.manylinux2014_i686.whl", hash = "sha256:f330cf039ef3da3b910c84f3a7e431f0cf8d0c1d2dad26491d6cadf3c7cd4759", size = 14449222, upload-time = "2026-06-18T23:45:22.252Z" },
    { url = "https://files.pythonhosted.org/packages/93/f0/e55c48a50076fc0f9ecf4bdedec50456db383e01162f5e2121f8468be071/pyrefly-1.1.1-py3-none-manylinux_2_17_ppc64le.manylinux2014_ppc64le.whl", hash = "sha256:a6342d87c52b04f72156da04f554c4d57f3616f2b32d1763969efb22d05a1407", size = 14472947, upload-time = "2026-06-18T23:45:24.858Z" },
    { url = "https://files.pythonhosted.org/packages/b6/e7/30e085b31fed978ecb675bdbb54df566673ab550469e5af2d350f6af0be6/pyrefly-1.1.1-py3-none-manylinux_2_17_x86_64.manylinux2014_x86_64.whl", hash = "sha256:c08b814ad03175e9cf47111390537161828b472044c39ab3320252b3ac6b2edd", size = 13975252, upload-time = "2026-06-18T23:45:27.247Z" },
    { url = "https://files.pythonhosted.org/packages/47/58/49c3e67641133d3fe5d8d9a660dc0826c6c37ca197d86cad05fa7dd8bfd6/pyrefly-1.1.1-py3-none-musllinux_1_2_aarch64.whl", hash = "sha256:d50cad97f19fc893b04deff7239626cffff5dd27ffb29b7d303a1b770247b208", size = 13471780, upload-time = "2026-06-18T23:45:29.775Z" },
    { url = "https://files.pythonhosted.org/packages/71/1e/65a7ba8355e2c39d8331832905fb74dcc85fc122a3f1dfd6dbf2a88907ad/pyrefly-1.1.1-py3-none-musllinux_1_2_x86_64.whl", hash = "sha256:2150b450ee6a6bcbe69b2d45d9a4ebc934a609e1abcf65e490433f38eb873d84", size = 13989306, upload-time = "2026-06-18T23:45:32.576Z" },
    { url = "https://files.pythonhosted.org/packages/37/de/b7ee1ab2392c36945738246fba7524439810befa3cfcc03cb6157567fc10/pyrefly-1.1.1-py3-none-win32.whl", hash = "sha256:5ffd8a8ed62fe4e6bf0afe1837d1bad149bb3b9f80e928ef248c96b836db3742", size = 12608469, upload-time = "2026-06-18T23:45:35.419Z" },
    { url = "https://files.pythonhosted.org/packages/a6/9c/a0f5b52934bf80e9c7eff08222e7caf318287b9aef76acb8d9ac5740581b/pyrefly-1.1.1-py3-none-win_amd64.whl", hash = "sha256:4e0430f3ef69c8ac73505fd6584db70ed504665a9f0816fef7f723de510f26cb", size = 13502172, upload-time = "2026-06-18T23:45:38.375Z" },
    { url = "https://files.pythonhosted.org/packages/42/3d/4c6bcb3d456835f51445d3662a428f56c3ea5643ec798c577030ae34298c/pyrefly-1.1.1-py3-none-win_arm64.whl", hash = "sha256:83baf0db71e172665db1fca0ced50b8f7773f5192ca57e8ac6773a772b6d2fc5", size = 12895979, upload-time = "2026-06-18T23:45:41.026Z" },
]

[[package]]
name = "ruff"
version = "0.16.1"
source = { registry = "https://pypi.org/simple" }
sdist = { url = "https://files.pythonhosted.org/packages/70/25/7113f6d5498888c5fb7db34081cba7d5971c4cb1bfb26819966eee68f003/ruff-0.16.1.tar.gz", hash = "sha256:fedad7c801dabd3fb9741d76aca39246e6ddd9ca446a015875207bf19f1e6bc7", size = 4877500, upload-time = "2026-07-30T19:37:01.379Z" }
wheels = [
    { url = "https://files.pythonhosted.org/packages/1b/bd/694da69368e0973de65df2ddc73ab18d43c469d5963d9b150911de6bc513/ruff-0.16.1-py3-none-linux_armv6l.whl", hash = "sha256:58edb313b88f0c5460a26adf5f39a37a3be789494a15e3e411e35fa78b89f9a0", size = 10839126, upload-time = "2026-07-30T19:36:13.697Z" },
    { url = "https://files.pythonhosted.org/packages/3f/f0/b626e5d5bd0dd9576263658ef12885e2288afd1029a48e26ffed65ec1ac1/ruff-0.16.1-py3-none-macosx_10_12_x86_64.whl", hash = "sha256:fde5a99e2f97479af66edd6622c6d5a2a7592c77cf4153d9e4428f5eeb55b60c", size = 11070253, upload-time = "2026-07-30T19:36:17.14Z" },
    { url = "https://files.pythonhosted.org/packages/83/63/f40acfb6b35b88623e71684942b552c3edd96035f5d98f313815f7b277de/ruff-0.16.1-py3-none-macosx_11_0_arm64.whl", hash = "sha256:e0d4c20532fca4f7fa609369161d968dd28f65d83dabbd61d8e9c7edbf7001f6", size = 10561425, upload-time = "2026-07-30T19:36:20.04Z" },
    { url = "https://files.pythonhosted.org/packages/aa/dd/14ec0e9c2b4d315547dd38765004b4863e354e1b52cb308272215d9f6f6d/ruff-0.16.1-py3-none-manylinux_2_17_aarch64.manylinux2014_aarch64.whl", hash = "sha256:30affbcedf59ad5703d9c91f82266e02b47739f797e1a7b6e158e5526a6dae38", size = 10948879, upload-time = "2026-07-30T19:36:22.476Z" },
    { url = "https://files.pythonhosted.org/packages/33/e9/9d870cbae575030fdef595f04b4b97573c525b5497cce4f4498cf2f85446/ruff-0.16.1-py3-none-manylinux_2_17_armv7l.manylinux2014_armv7l.whl", hash = "sha256:24e9c631573cbca9d20f1283f8f479b2afa4a8503504822bd71a293889f16743", size = 10643691, upload-time = "2026-07-30T19:36:24.914Z" },
    { url = "https://files.pythonhosted.org/packages/c4/09/12743d544e2173f53ecd27217c65f90d2bc0f8424a66a60339e56bbc0457/ruff-0.16.1-py3-none-manylinux_2_17_i686.manylinux2014_i686.whl", hash = "sha256:b41bdd48fb420987a9b5212e4957c26ad4abce401fa9ea9d4d85843727945f4f", size = 11435354, upload-time = "2026-07-30T19:36:28.447Z" },
    { url = "https://files.pythonhosted.org/packages/7f/89/a1652b2daee52083c9554a6333b678a8b01d0400f976827bb87857f9449a/ruff-0.16.1-py3-none-manylinux_2_17_ppc64le.manylinux2014_ppc64le.whl", hash = "sha256:b0d1e1393b7648079e13669de1c1f4fde06d4583e84d8fd5c1551e0a77a2aa75", size = 12259033, upload-time = "2026-07-30T19:36:31.326Z" },
    { url = "https://files.pythonhosted.org/packages/16/96/ecdcb8c54ee7b123b487f807eb014e6e019155a0b81dfb669acd52f28ce3/ruff-0.16.1-py3-none-manylinux_2_17_s390x.manylinux2014_s390x.whl", hash = "sha256:07bf434b1c95f4e093be4532068ef4fcf00924eb2ade8796075980902d6fd54a", size = 11667981, upload-time = "2026-07-30T19:36:34.394Z" },
    { url = "https://files.pythonhosted.org/packages/cd/90/c52e12e0d862e9572f2a33aa227409143520abe53111e9a6babbac7b4af8/ruff-0.16.1-py3-none-manylinux_2_17_x86_64.manylinux2014_x86_64.whl", hash = "sha256:39897739f112253ee4fdd2e8aa9a4f9ded99fb2be367d5f31dfa4ded6025584c", size = 11468183, upload-time = "2026-07-30T19:36:37.339Z" },
    { url = "https://files.pythonhosted.org/packages/2c/6b/4ffb7ad1d83eb16cf8cbb3c8815d3f11c88460fd162d4b372a2059be1c2a/ruff-0.16.1-py3-none-manylinux_2_31_riscv64.whl", hash = "sha256:82ae3c0c0d74daf17b968a10b7b3bb3ef297ab7de0c1f749646b25e690ccb150", size = 11470071, upload-time = "2026-07-30T19:36:39.91Z" },
    { url = "https://files.pythonhosted.org/packages/9c/72/32ae7db4c0b5e32ab611787caa19d1546800676d79f7483b7100a3561bf4/ruff-0.16.1-py3-none-musllinux_1_2_aarch64.whl", hash = "sha256:4d5f2ed10f8242d83fc08d521301089364e3375375705356f20c0e31606ef3ef", size = 10919503, upload-time = "2026-07-30T19:36:42.65Z" },
    { url = "https://files.pythonhosted.org/packages/f7/ca/3d901ba6ad6fc38da39c3448fc6c59ac945679293a17c3ceb6d6c1cba13e/ruff-0.16.1-py3-none-musllinux_1_2_armv7l.whl", hash = "sha256:a4665b309891f83f3e3c25447935f1213e9abbd4b5640af7a1f2def9f8d413c1", size = 10649861, upload-time = "2026-07-30T19:36:45.18Z" },
    { url = "https://files.pythonhosted.org/packages/92/79/894ef1ced26552d5f8c9cf6d85b0687840e1128c55aeab7b9c2d54a0d880/ruff-0.16.1-py3-none-musllinux_1_2_i686.whl", hash = "sha256:26e9ca5c9bc3971f20d3cf18a957f52ffd6a5f6564ff15c4912a144dcac22494", size = 11148137, upload-time = "2026-07-30T19:36:47.936Z" },
    { url = "https://files.pythonhosted.org/packages/2d/69/3609a09fa1cb46cc28b762363e440a354204e5dff01bd0c8d7437874d6b9/ruff-0.16.1-py3-none-musllinux_1_2_x86_64.whl", hash = "sha256:67e1e1e3fa4f0c82f0e36d4cd61e661f6e7a6196cb1aa92fe0828fa7b8f257cd", size = 11559211, upload-time = "2026-07-30T19:36:50.448Z" },
    { url = "https://files.pythonhosted.org/packages/fc/8a/fb22af2fd78a736e241fabf67e30ce1799a64244026377a49e133af90762/ruff-0.16.1-py3-none-win32.whl", hash = "sha256:d31765e131295b8445caf301e3e8a85b34d1b9b211b4109b7ba457888b051806", size = 10838258, upload-time = "2026-07-30T19:36:53.298Z" },
    { url = "https://files.pythonhosted.org/packages/d4/35/e57fd9fb5d423961df087a00b12d42c0a830288dc2f3b45ecca299158b4f/ruff-0.16.1-py3-none-win_amd64.whl", hash = "sha256:09b05e8b90c2cb06ad63464350e7a45e8e44a2dfe52072ebfba6666ca8d3f596", size = 11961111, upload-time = "2026-07-30T19:36:56.107Z" },
    { url = "https://files.pythonhosted.org/packages/cb/46/240ea004bf6dc4feb40e9832f2205a476a47dd5b8a3f8211a5fc5f95e20e/ruff-0.16.1-py3-none-win_arm64.whl", hash = "sha256:dbaadaac38c70239f056d306b7476f246b0bf000fa6b3876402acbf5b227eaf8", size = 11309414, upload-time = "2026-07-30T19:36:58.79Z" },
]
